
Microsoft Visual Studio Solution File, Format Version 12.00
# Visual Studio Version 16
VisualStudioVersion = 16.0.31410.357
MinimumVisualStudioVersion = 10.0.40219.1
Project("{FAE04EC0-301F-11D3-BF4B-00C04F79EFBC}") = "Client", "Client\Client.csproj", "{2C5B3A42-060B-4AA3-B77F-F0E70A686565}"
EndProject
Project("{9A19103F-16F7-4668-BE54-9A1E7A4F7556}") = "Api", "Api\Api.csproj", "{5A4BB102-76FE-4432-BDDF-9F3882BB4723}"
EndProject
Project("{D954291E-2A0B-460D-934E-DC6B0785DB48}") = "Shared", "Shared\Shared.shproj", "{3FD23139-46C5-476E-94F1-669A39426477}"
EndProject
Project("{9A19103F-16F7-4668-BE54-9A1E7A4F7556}") = "MiddlewareIdentityProvider", "Utilities\MiddlewareIdentityProvider\MiddlewareIdentityProvider.csproj", "{2AFDD242-323F-4119-8A38-C787BE87FE74}"
EndProject
Project("{D954291E-2A0B-460D-934E-DC6B0785DB48}") = "IdentityProviderShared", "Utilities\IdentityProviderShared\IdentityProviderShared.shproj", "{3B3A461E-5747-49CE-9B1A-1104508436E3}"
EndProject
Global
	GlobalSection(SharedMSBuildProjectFiles) = preSolution
		Utilities\IdentityProviderShared\IdentityProviderShared.projitems*{2afdd242-323f-4119-8a38-c787be87fe74}*SharedItemsImports = 5
		Shared\Shared.projitems*{2c5b3a42-060b-4aa3-b77f-f0e70a686565}*SharedItemsImports = 5
		Utilities\IdentityProviderShared\IdentityProviderShared.projitems*{3b3a461e-5747-49ce-9b1a-1104508436e3}*SharedItemsImports = 13
		Shared\Shared.projitems*{3fd23139-46c5-476e-94f1-669a39426477}*SharedItemsImports = 13
		Shared\Shared.projitems*{5a4bb102-76fe-4432-bddf-9f3882bb4723}*SharedItemsImports = 5
		Utilities\IdentityProviderShared\IdentityProviderShared.projitems*{5a4bb102-76fe-4432-bddf-9f3882bb4723}*SharedItemsImports = 5
	EndGlobalSection
	GlobalSection(SolutionConfigurationPlatforms) = preSolution
		Debug|Any CPU = Debug|Any CPU
		Release|Any CPU = Release|Any CPU
	EndGlobalSection
	GlobalSection(ProjectConfigurationPlatforms) = postSolution
		{2C5B3A42-060B-4AA3-B77F-F0E70A686565}.Debug|Any CPU.ActiveCfg = Debug|Any CPU
		{2C5B3A42-060B-4AA3-B77F-F0E70A686565}.Debug|Any CPU.Build.0 = Debug|Any CPU
		{2C5B3A42-060B-4AA3-B77F-F0E70A686565}.Release|Any CPU.ActiveCfg = Release|Any CPU
		{2C5B3A42-060B-4AA3-B77F-F0E70A686565}.Release|Any CPU.Build.0 = Release|Any CPU
		{5A4BB102-76FE-4432-BDDF-9F3882BB4723}.Debug|Any CPU.ActiveCfg = Debug|Any CPU
		{5A4BB102-76FE-4432-BDDF-9F3882BB4723}.Debug|Any CPU.Build.0 = Debug|Any CPU
		{5A4BB102-76FE-4432-BDDF-9F3882BB4723}.Release|Any CPU.ActiveCfg = Release|Any CPU
		{5A4BB102-76FE-4432-BDDF-9F3882BB4723}.Release|Any CPU.Build.0 = Release|Any CPU
		{2AFDD242-323F-4119-8A38-C787BE87FE74}.Debug|Any CPU.ActiveCfg = Debug|Any CPU
		{2AFDD242-323F-4119-8A38-C787BE87FE74}.Debug|Any CPU.Build.0 = Debug|Any CPU
		{2AFDD242-323F-4119-8A38-C787BE87FE74}.Release|Any CPU.ActiveCfg = Release|Any CPU
		{2AFDD242-323F-4119-8A38-C787BE87FE74}.Release|Any CPU.Build.0 = Release|Any CPU
	EndGlobalSection
	GlobalSection(SolutionProperties) = preSolution
		HideSolutionNode = FALSE
	EndGlobalSection
	GlobalSection(ExtensibilityGlobals) = postSolution
		SolutionGuid = {AFF769EB-F3D1-4F78-97BA-5D2D3FC5F449}
	EndGlobalSection
EndGlobal
